
Microsoft Visual Studio Solution File, Format Version 11.00
# Visual C++ Express 2010
Project("{8BC9CEB8-8B4A-11D0-8D11-00A0C91BC942}") = "bin2atm", "bin2atm.vcxproj", "{1F59A90C-A1CB-4278-9CE2-F095FDCF6E4D}"
EndProject
Global
	GlobalSection(SolutionConfigurationPlatforms) = preSolution
		Debug|Win32 = Debug|Win32
		Release|Win32 = Release|Win32
	EndGlobalSection
	GlobalSection(ProjectConfigurationPlatforms) = postSolution
		{1F59A90C-A1CB-4278-9CE2-F095FDCF6E4D}.Debug|Win32.ActiveCfg = Debug|Win32
		{1F59A90C-A1CB-4278-9CE2-F095FDCF6E4D}.Debug|Win32.Build.0 = Debug|Win32
		{1F59A90C-A1CB-4278-9CE2-F095FDCF6E4D}.Release|Win32.ActiveCfg = Release|Win32
		{1F59A90C-A1CB-4278-9CE2-F095FDCF6E4D}.Release|Win32.Build.0 = Release|Win32
	EndGlobalSection
	GlobalSection(SolutionProperties) = preSolution
		HideSolutionNode = FALSE
	EndGlobalSection
EndGlobal
